
Microsoft Visual Studio Solution File, Format Version 11.00
# Visual Studio 2010
Project("{FAE04EC0-301F-11D3-BF4B-00C04F79EFBC}") = "Assembly-CSharp-firstpass", "Assembly-CSharp-firstpass.csproj", "{59825447-f95b-95c8-da01-d2bf36d49c2a}"
EndProject
Project("{FAE04EC0-301F-11D3-BF4B-00C04F79EFBC}") = "Tayx.Graphy", "Tayx.Graphy.csproj", "{422629e1-56c7-c154-ce85-ff7bd3cb0d18}"
EndProject
Project("{FAE04EC0-301F-11D3-BF4B-00C04F79EFBC}") = "Assembly-CSharp", "Assembly-CSharp.csproj", "{3e1b7020-812f-983e-8f5e-b218268efae5}"
EndProject
Project("{FAE04EC0-301F-11D3-BF4B-00C04F79EFBC}") = "ToonyColorsPro2.Demo", "ToonyColorsPro2.Demo.csproj", "{49a288f0-8fea-fb04-a542-c1fdbbdead8c}"
EndProject
Project("{FAE04EC0-301F-11D3-BF4B-00C04F79EFBC}") = "ToonyColorsPro.Runtime", "ToonyColorsPro.Runtime.csproj", "{71470b3a-71df-0893-826b-c23dc8c9ec20}"
EndProject
Project("{FAE04EC0-301F-11D3-BF4B-00C04F79EFBC}") = "Assembly-CSharp-Editor", "Assembly-CSharp-Editor.csproj", "{d4f5aa13-bbe0-4abd-1ca9-81bed3d23932}"
EndProject
Project("{FAE04EC0-301F-11D3-BF4B-00C04F79EFBC}") = "ToonyColorsPro.Editor", "ToonyColorsPro.Editor.csproj", "{9aa34d5f-157b-a8fa-a9c3-9fcf98ab3da1}"
EndProject
Project("{FAE04EC0-301F-11D3-BF4B-00C04F79EFBC}") = "Tayx.Graphy.Editor", "Tayx.Graphy.Editor.csproj", "{271c6782-9b7a-46a4-5204-fa30ca6dacc7}"
EndProject
Project("{FAE04EC0-301F-11D3-BF4B-00C04F79EFBC}") = "Assembly-CSharp-Editor-firstpass", "Assembly-CSharp-Editor-firstpass.csproj", "{42e102d0-8aa0-a476-0321-74d7230fc462}"
EndProject
Project("{FAE04EC0-301F-11D3-BF4B-00C04F79EFBC}") = "ToonyColorsPro.Demo.Editor", "ToonyColorsPro.Demo.Editor.csproj", "{28b6c207-3d8c-7d95-9572-fdfc9e9a0941}"
EndProject
Global
	GlobalSection(SolutionConfigurationPlatforms) = preSolution
		Debug|Any CPU = Debug|Any CPU
	EndGlobalSection
	GlobalSection(ProjectConfigurationPlatforms) = postSolution
		{59825447-f95b-95c8-da01-d2bf36d49c2a}.Debug|Any CPU.ActiveCfg = Debug|Any CPU
		{59825447-f95b-95c8-da01-d2bf36d49c2a}.Debug|Any CPU.Build.0 = Debug|Any CPU
		{422629e1-56c7-c154-ce85-ff7bd3cb0d18}.Debug|Any CPU.ActiveCfg = Debug|Any CPU
		{422629e1-56c7-c154-ce85-ff7bd3cb0d18}.Debug|Any CPU.Build.0 = Debug|Any CPU
		{3e1b7020-812f-983e-8f5e-b218268efae5}.Debug|Any CPU.ActiveCfg = Debug|Any CPU
		{3e1b7020-812f-983e-8f5e-b218268efae5}.Debug|Any CPU.Build.0 = Debug|Any CPU
		{49a288f0-8fea-fb04-a542-c1fdbbdead8c}.Debug|Any CPU.ActiveCfg = Debug|Any CPU
		{49a288f0-8fea-fb04-a542-c1fdbbdead8c}.Debug|Any CPU.Build.0 = Debug|Any CPU
		{71470b3a-71df-0893-826b-c23dc8c9ec20}.Debug|Any CPU.ActiveCfg = Debug|Any CPU
		{71470b3a-71df-0893-826b-c23dc8c9ec20}.Debug|Any CPU.Build.0 = Debug|Any CPU
		{d4f5aa13-bbe0-4abd-1ca9-81bed3d23932}.Debug|Any CPU.ActiveCfg = Debug|Any CPU
		{d4f5aa13-bbe0-4abd-1ca9-81bed3d23932}.Debug|Any CPU.Build.0 = Debug|Any CPU
		{9aa34d5f-157b-a8fa-a9c3-9fcf98ab3da1}.Debug|Any CPU.ActiveCfg = Debug|Any CPU
		{9aa34d5f-157b-a8fa-a9c3-9fcf98ab3da1}.Debug|Any CPU.Build.0 = Debug|Any CPU
		{271c6782-9b7a-46a4-5204-fa30ca6dacc7}.Debug|Any CPU.ActiveCfg = Debug|Any CPU
		{271c6782-9b7a-46a4-5204-fa30ca6dacc7}.Debug|Any CPU.Build.0 = Debug|Any CPU
		{42e102d0-8aa0-a476-0321-74d7230fc462}.Debug|Any CPU.ActiveCfg = Debug|Any CPU
		{42e102d0-8aa0-a476-0321-74d7230fc462}.Debug|Any CPU.Build.0 = Debug|Any CPU
		{28b6c207-3d8c-7d95-9572-fdfc9e9a0941}.Debug|Any CPU.ActiveCfg = Debug|Any CPU
		{28b6c207-3d8c-7d95-9572-fdfc9e9a0941}.Debug|Any CPU.Build.0 = Debug|Any CPU
	EndGlobalSection
	GlobalSection(SolutionProperties) = preSolution
		HideSolutionNode = FALSE
	EndGlobalSection
EndGlobal
